
Microsoft Visual Studio Solution File, Format Version 12.00
# Visual Studio Version 16
VisualStudioVersion = 16.0.29613.14
MinimumVisualStudioVersion = 10.0.40219.1
Project("{FAE04EC0-301F-11D3-BF4B-00C04F79EFBC}") = "ClassLib", "ClassLib\ClassLib.csproj", "{954D31CA-EB61-44ED-9D2D-A87FA5FD4C32}"
EndProject
Global
	GlobalSection(SolutionConfigurationPlatforms) = preSolution
		Debug|Any CPU = Debug|Any CPU
		Release|Any CPU = Release|Any CPU
	EndGlobalSection
	GlobalSection(ProjectConfigurationPlatforms) = postSolution
		{954D31CA-EB61-44ED-9D2D-A87FA5FD4C32}.Debug|Any CPU.ActiveCfg = Debug|Any CPU
		{954D31CA-EB61-44ED-9D2D-A87FA5FD4C32}.Debug|Any CPU.Build.0 = Debug|Any CPU
		{954D31CA-EB61-44ED-9D2D-A87FA5FD4C32}.Release|Any CPU.ActiveCfg = Release|Any CPU
		{954D31CA-EB61-44ED-9D2D-A87FA5FD4C32}.Release|Any CPU.Build.0 = Release|Any CPU
	EndGlobalSection
	GlobalSection(SolutionProperties) = preSolution
		HideSolutionNode = FALSE
	EndGlobalSection
	GlobalSection(ExtensibilityGlobals) = postSolution
		SolutionGuid = {52B30AFC-06DC-48E8-AA49-004134A43802}
	EndGlobalSection
EndGlobal
